// !$*UTF8*$!
{
	archiveVersion = 1;
	classes = {
	};
	objectVersion = 46;
	objects = {

/* Begin PBXBuildFile section */
		89F2546719D945DAD0C4ED9D /* Pods_ButtonsTests.framework in Frameworks */ = {isa = PBXBuildFile; fileRef = F50D40BE93770126D68ADADB /* Pods_ButtonsTests.framework */; };
		C1009C991D6835B0006C3A6E /* AppDelegate.swift in Sources */ = {isa = PBXBuildFile; fileRef = C1009C981D6835B0006C3A6E /* AppDelegate.swift */; };
		C1009C9B1D6835B0006C3A6E /* ViewController.swift in Sources */ = {isa = PBXBuildFile; fileRef = C1009C9A1D6835B0006C3A6E /* ViewController.swift */; };
		C1009C9E1D6835B0006C3A6E /* Main.storyboard in Resources */ = {isa = PBXBuildFile; fileRef = C1009C9C1D6835B0006C3A6E /* Main.storyboard */; };
		C1009CA01D6835B0006C3A6E /* Assets.xcassets in Resources */ = {isa = PBXBuildFile; fileRef = C1009C9F1D6835B0006C3A6E /* Assets.xcassets */; };
		C1009CA31D6835B0006C3A6E /* LaunchScreen.storyboard in Resources */ = {isa = PBXBuildFile; fileRef = C1009CA11D6835B0006C3A6E /* LaunchScreen.storyboard */; };
		C1009CAE1D6835B0006C3A6E /* ButtonsTests.swift in Sources */ = {isa = PBXBuildFile; fileRef = C1009CAD1D6835B0006C3A6E /* ButtonsTests.swift */; };
		C1009CBB1D6835E1006C3A6E /* Buttons.swift in Sources */ = {isa = PBXBuildFile; fileRef = C1009CBA1D6835E1006C3A6E /* Buttons.swift */; };
		C1009CBD1D683629006C3A6E /* Buttons_Extension.swift in Sources */ = {isa = PBXBuildFile; fileRef = C1009CBC1D683629006C3A6E /* Buttons_Extension.swift */; };
/* End PBXBuildFile section */

/* Begin PBXContainerItemProxy section */
		C1009CAA1D6835B0006C3A6E /* PBXContainerItemProxy */ = {
			isa = PBXContainerItemProxy;
			containerPortal = C1009C8D1D6835B0006C3A6E /* Project object */;
			proxyType = 1;
			remoteGlobalIDString = C1009C941D6835B0006C3A6E;
			remoteInfo = Buttons;
		};
/* End PBXContainerItemProxy section */

/* Begin PBXFileReference section */
		9AF0A7BF1BF5D471E2767FCE /* Pods-ButtonsTests.release.xcconfig */ = {isa = PBXFileReference; includeInIndex = 1; lastKnownFileType = text.xcconfig; name = "Pods-ButtonsTests.release.xcconfig"; path = "Pods/Target Support Files/Pods-ButtonsTests/Pods-ButtonsTests.release.xcconfig"; sourceTree = "<group>"; };
		A9708CF2869DE39DB64FA913 /* Pods-ButtonsTests.debug.xcconfig */ = {isa = PBXFileReference; includeInIndex = 1; lastKnownFileType = text.xcconfig; name = "Pods-ButtonsTests.debug.xcconfig"; path = "Pods/Target Support Files/Pods-ButtonsTests/Pods-ButtonsTests.debug.xcconfig"; sourceTree = "<group>"; };
		C1009C951D6835B0006C3A6E /* Buttons.app */ = {isa = PBXFileReference; explicitFileType = wrapper.application; includeInIndex = 0; path = Buttons.app; sourceTree = BUILT_PRODUCTS_DIR; };
		C1009C981D6835B0006C3A6E /* AppDelegate.swift */ = {isa = PBXFileReference; lastKnownFileType = sourcecode.swift; path = AppDelegate.swift; sourceTree = "<group>"; };
		C1009C9A1D6835B0006C3A6E /* ViewController.swift */ = {isa = PBXFileReference; lastKnownFileType = sourcecode.swift; path = ViewController.swift; sourceTree = "<group>"; };
		C1009C9D1D6835B0006C3A6E /* Base */ = {isa = PBXFileReference; lastKnownFileType = file.storyboard; name = Base; path = Base.lproj/Main.storyboard; sourceTree = "<group>"; };
		C1009C9F1D6835B0006C3A6E /* Assets.xcassets */ = {isa = PBXFileReference; lastKnownFileType = folder.assetcatalog; path = Assets.xcassets; sourceTree = "<group>"; };
		C1009CA21D6835B0006C3A6E /* Base */ = {isa = PBXFileReference; lastKnownFileType = file.storyboard; name = Base; path = Base.lproj/LaunchScreen.storyboard; sourceTree = "<group>"; };
		C1009CA41D6835B0006C3A6E /* Info.plist */ = {isa = PBXFileReference; lastKnownFileType = text.plist.xml; path = Info.plist; sourceTree = "<group>"; };
		C1009CA91D6835B0006C3A6E /* ButtonsTests.xctest */ = {isa = PBXFileReference; explicitFileType = wrapper.cfbundle; includeInIndex = 0; path = ButtonsTests.xctest; sourceTree = BUILT_PRODUCTS_DIR; };
		C1009CAD1D6835B0006C3A6E /* ButtonsTests.swift */ = {isa = PBXFileReference; lastKnownFileType = sourcecode.swift; path = ButtonsTests.swift; sourceTree = "<group>"; };
		C1009CAF1D6835B0006C3A6E /* Info.plist */ = {isa = PBXFileReference; lastKnownFileType = text.plist.xml; path = Info.plist; sourceTree = "<group>"; };
		C1009CBA1D6835E1006C3A6E /* Buttons.swift */ = {isa = PBXFileReference; fileEncoding = 4; lastKnownFileType = sourcecode.swift; path = Buttons.swift; sourceTree = "<group>"; };
		C1009CBC1D683629006C3A6E /* Buttons_Extension.swift */ = {isa = PBXFileReference; fileEncoding = 4; lastKnownFileType = sourcecode.swift; path = Buttons_Extension.swift; sourceTree = "<group>"; };
		F50D40BE93770126D68ADADB /* Pods_ButtonsTests.framework */ = {isa = PBXFileReference; explicitFileType = wrapper.framework; includeInIndex = 0; path = Pods_ButtonsTests.framework; sourceTree = BUILT_PRODUCTS_DIR; };
/* End PBXFileReference section */

/* Begin PBXFrameworksBuildPhase section */
		C1009C921D6835B0006C3A6E /* Frameworks */ = {
			isa = PBXFrameworksBuildPhase;
			buildActionMask = 2147483647;
			files = (
			);
			runOnlyForDeploymentPostprocessing = 0;
		};
		C1009CA61D6835B0006C3A6E /* Frameworks */ = {
			isa = PBXFrameworksBuildPhase;
			buildActionMask = 2147483647;
			files = (
				89F2546719D945DAD0C4ED9D /* Pods_ButtonsTests.framework in Frameworks */,
			);
			runOnlyForDeploymentPostprocessing = 0;
		};
/* End PBXFrameworksBuildPhase section */

/* Begin PBXGroup section */
		4B60657C1F9B5C264A2BAC0B /* Pods */ = {
			isa = PBXGroup;
			children = (
				A9708CF2869DE39DB64FA913 /* Pods-ButtonsTests.debug.xcconfig */,
				9AF0A7BF1BF5D471E2767FCE /* Pods-ButtonsTests.release.xcconfig */,
			);
			name = Pods;
			sourceTree = "<group>";
		};
		8E707A032B6CE4BE07360BAB /* Frameworks */ = {
			isa = PBXGroup;
			children = (
				F50D40BE93770126D68ADADB /* Pods_ButtonsTests.framework */,
			);
			name = Frameworks;
			sourceTree = "<group>";
		};
		C1009C8C1D6835B0006C3A6E = {
			isa = PBXGroup;
			children = (
				C1009C971D6835B0006C3A6E /* Buttons - Example */,
				C1009CAC1D6835B0006C3A6E /* ButtonsTests */,
				C1009C961D6835B0006C3A6E /* Products */,
				4B60657C1F9B5C264A2BAC0B /* Pods */,
				8E707A032B6CE4BE07360BAB /* Frameworks */,
			);
			sourceTree = "<group>";
		};
		C1009C961D6835B0006C3A6E /* Products */ = {
			isa = PBXGroup;
			children = (
				C1009C951D6835B0006C3A6E /* Buttons.app */,
				C1009CA91D6835B0006C3A6E /* ButtonsTests.xctest */,
			);
			name = Products;
			sourceTree = "<group>";
		};
		C1009C971D6835B0006C3A6E /* Buttons - Example */ = {
			isa = PBXGroup;
			children = (
				C1009CB81D6835C6006C3A6E /* Buttons */,
				C1009C981D6835B0006C3A6E /* AppDelegate.swift */,
				C1009C9A1D6835B0006C3A6E /* ViewController.swift */,
				C1009C9C1D6835B0006C3A6E /* Main.storyboard */,
				C1009C9F1D6835B0006C3A6E /* Assets.xcassets */,
				C1009CA11D6835B0006C3A6E /* LaunchScreen.storyboard */,
				C1009CA41D6835B0006C3A6E /* Info.plist */,
			);
			name = "Buttons - Example";
			path = Buttons;
			sourceTree = "<group>";
		};
		C1009CAC1D6835B0006C3A6E /* ButtonsTests */ = {
			isa = PBXGroup;
			children = (
				C1009CAD1D6835B0006C3A6E /* ButtonsTests.swift */,
				C1009CAF1D6835B0006C3A6E /* Info.plist */,
			);
			path = ButtonsTests;
			sourceTree = "<group>";
		};
		C1009CB81D6835C6006C3A6E /* Buttons */ = {
			isa = PBXGroup;
			children = (
				C1009CBA1D6835E1006C3A6E /* Buttons.swift */,
				C1009CBC1D683629006C3A6E /* Buttons_Extension.swift */,
			);
			name = Buttons;
			sourceTree = "<group>";
		};
/* End PBXGroup section */

/* Begin PBXNativeTarget section */
		C1009C941D6835B0006C3A6E /* Buttons */ = {
			isa = PBXNativeTarget;
			buildConfigurationList = C1009CB21D6835B0006C3A6E /* Build configuration list for PBXNativeTarget "Buttons" */;
			buildPhases = (
				C1009C911D6835B0006C3A6E /* Sources */,
				C1009C921D6835B0006C3A6E /* Frameworks */,
				C1009C931D6835B0006C3A6E /* Resources */,
			);
			buildRules = (
			);
			dependencies = (
			);
			name = Buttons;
			productName = Buttons;
			productReference = C1009C951D6835B0006C3A6E /* Buttons.app */;
			productType = "com.apple.product-type.application";
		};
		C1009CA81D6835B0006C3A6E /* ButtonsTests */ = {
			isa = PBXNativeTarget;
			buildConfigurationList = C1009CB51D6835B0006C3A6E /* Build configuration list for PBXNativeTarget "ButtonsTests" */;
			buildPhases = (
				1EC66513CED026016BDBABA8 /* [CP] Check Pods Manifest.lock */,
				C1009CA51D6835B0006C3A6E /* Sources */,
				C1009CA61D6835B0006C3A6E /* Frameworks */,
				C1009CA71D6835B0006C3A6E /* Resources */,
				7E9883F3BC5BCB7BE4085F51 /* [CP] Embed Pods Frameworks */,
				592D52C4F8C6712C43F040B5 /* [CP] Copy Pods Resources */,
			);
			buildRules = (
			);
			dependencies = (
				C1009CAB1D6835B0006C3A6E /* PBXTargetDependency */,
			);
			name = ButtonsTests;
			productName = ButtonsTests;
			productReference = C1009CA91D6835B0006C3A6E /* ButtonsTests.xctest */;
			productType = "com.apple.product-type.bundle.unit-test";
		};
/* End PBXNativeTarget section */

/* Begin PBXProject section */
		C1009C8D1D6835B0006C3A6E /* Project object */ = {
			isa = PBXProject;
			attributes = {
				LastSwiftUpdateCheck = 0730;
				LastUpgradeCheck = 0730;
				ORGANIZATIONNAME = "Callum Boddy";
				TargetAttributes = {
					C1009C941D6835B0006C3A6E = {
						CreatedOnToolsVersion = 7.3.1;
					};
					C1009CA81D6835B0006C3A6E = {
						CreatedOnToolsVersion = 7.3.1;
						TestTargetID = C1009C941D6835B0006C3A6E;
					};
				};
			};
			buildConfigurationList = C1009C901D6835B0006C3A6E /* Build configuration list for PBXProject "Buttons" */;
			compatibilityVersion = "Xcode 3.2";
			developmentRegion = English;
			hasScannedForEncodings = 0;
			knownRegions = (
				en,
				Base,
			);
			mainGroup = C1009C8C1D6835B0006C3A6E;
			productRefGroup = C1009C961D6835B0006C3A6E /* Products */;
			projectDirPath = "";
			projectRoot = "";
			targets = (
				C1009C941D6835B0006C3A6E /* Buttons */,
				C1009CA81D6835B0006C3A6E /* ButtonsTests */,
			);
		};
/* End PBXProject section */

/* Begin PBXResourcesBuildPhase section */
		C1009C931D6835B0006C3A6E /* Resources */ = {
			isa = PBXResourcesBuildPhase;
			buildActionMask = 2147483647;
			files = (
				C1009CA31D6835B0006C3A6E /* LaunchScreen.storyboard in Resources */,
				C1009CA01D6835B0006C3A6E /* Assets.xcassets in Resources */,
				C1009C9E1D6835B0006C3A6E /* Main.storyboard in Resources */,
			);
			runOnlyForDeploymentPostprocessing = 0;
		};
		C1009CA71D6835B0006C3A6E /* Resources */ = {
			isa = PBXResourcesBuildPhase;
			buildActionMask = 2147483647;
			files = (
			);
			runOnlyForDeploymentPostprocessing = 0;
		};
/* End PBXResourcesBuildPhase section */

/* Begin PBXShellScriptBuildPhase section */
		1EC66513CED026016BDBABA8 /* [CP] Check Pods Manifest.lock */ = {
			isa = PBXShellScriptBuildPhase;
			buildActionMask = 2147483647;
			files = (
			);
			inputPaths = (
			);
			name = "[CP] Check Pods Manifest.lock";
			outputPaths = (
			);
			runOnlyForDeploymentPostprocessing = 0;
			shellPath = /bin/sh;
			shellScript = "diff \"${PODS_ROOT}/../Podfile.lock\" \"${PODS_ROOT}/Manifest.lock\" > /dev/null\nif [[ $? != 0 ]] ; then\n    cat << EOM\nerror: The sandbox is not in sync with the Podfile.lock. Run 'pod install' or update your CocoaPods installation.\nEOM\n    exit 1\nfi\n";
			showEnvVarsInLog = 0;
		};
		592D52C4F8C6712C43F040B5 /* [CP] Copy Pods Resources */ = {
			isa = PBXShellScriptBuildPhase;
			buildActionMask = 2147483647;
			files = (
			);
			inputPaths = (
			);
			name = "[CP] Copy Pods Resources";
			outputPaths = (
			);
			runOnlyForDeploymentPostprocessing = 0;
			shellPath = /bin/sh;
			shellScript = "\"${SRCROOT}/Pods/Target Support Files/Pods-ButtonsTests/Pods-ButtonsTests-resources.sh\"\n";
			showEnvVarsInLog = 0;
		};
		7E9883F3BC5BCB7BE4085F51 /* [CP] Embed Pods Frameworks */ = {
			isa = PBXShellScriptBuildPhase;
			buildActionMask = 2147483647;
			files = (
			);
			inputPaths = (
			);
			name = "[CP] Embed Pods Frameworks";
			outputPaths = (
			);
			runOnlyForDeploymentPostprocessing = 0;
			shellPath = /bin/sh;
			shellScript = "\"${SRCROOT}/Pods/Target Support Files/Pods-ButtonsTests/Pods-ButtonsTests-frameworks.sh\"\n";
			showEnvVarsInLog = 0;
		};
/* End PBXShellScriptBuildPhase section */

/* Begin PBXSourcesBuildPhase section */
		C1009C911D6835B0006C3A6E /* Sources */ = {
			isa = PBXSourcesBuildPhase;
			buildActionMask = 2147483647;
			files = (
				C1009CBB1D6835E1006C3A6E /* Buttons.swift in Sources */,
				C1009CBD1D683629006C3A6E /* Buttons_Extension.swift in Sources */,
				C1009C9B1D6835B0006C3A6E /* ViewController.swift in Sources */,
				C1009C991D6835B0006C3A6E /* AppDelegate.swift in Sources */,
			);
			runOnlyForDeploymentPostprocessing = 0;
		};
		C1009CA51D6835B0006C3A6E /* Sources */ = {
			isa = PBXSourcesBuildPhase;
			buildActionMask = 2147483647;
			files = (
				C1009CAE1D6835B0006C3A6E /* ButtonsTests.swift in Sources */,
			);
			runOnlyForDeploymentPostprocessing = 0;
		};
/* End PBXSourcesBuildPhase section */

/* Begin PBXTargetDependency section */
		C1009CAB1D6835B0006C3A6E /* PBXTargetDependency */ = {
			isa = PBXTargetDependency;
			target = C1009C941D6835B0006C3A6E /* Buttons */;
			targetProxy = C1009CAA1D6835B0006C3A6E /* PBXContainerItemProxy */;
		};
/* End PBXTargetDependency section */

/* Begin PBXVariantGroup section */
		C1009C9C1D6835B0006C3A6E /* Main.storyboard */ = {
			isa = PBXVariantGroup;
			children = (
				C1009C9D1D6835B0006C3A6E /* Base */,
			);
			name = Main.storyboard;
			sourceTree = "<group>";
		};
		C1009CA11D6835B0006C3A6E /* LaunchScreen.storyboard */ = {
			isa = PBXVariantGroup;
			children = (
				C1009CA21D6835B0006C3A6E /* Base */,
			);
			name = LaunchScreen.storyboard;
			sourceTree = "<group>";
		};
/* End PBXVariantGroup section */

/* Begin XCBuildConfiguration section */
		C1009CB01D6835B0006C3A6E /* Debug */ = {
			isa = XCBuildConfiguration;
			buildSettings = {
				ALWAYS_SEARCH_USER_PATHS = NO;
				CLANG_ANALYZER_NONNULL = YES;
				CLANG_CXX_LANGUAGE_STANDARD = "gnu++0x";
				CLANG_CXX_LIBRARY = "libc++";
				CLANG_ENABLE_MODULES = YES;
				CLANG_ENABLE_OBJC_ARC = YES;
				CLANG_WARN_BOOL_CONVERSION = YES;
				CLANG_WARN_CONSTANT_CONVERSION = YES;
				CLANG_WARN_DIRECT_OBJC_ISA_USAGE = YES_ERROR;
				CLANG_WARN_EMPTY_BODY = YES;
				CLANG_WARN_ENUM_CONVERSION = YES;
				CLANG_WARN_INT_CONVERSION = YES;
				CLANG_WARN_OBJC_ROOT_CLASS = YES_ERROR;
				CLANG_WARN_UNREACHABLE_CODE = YES;
				CLANG_WARN__DUPLICATE_METHOD_MATCH = YES;
				"CODE_SIGN_IDENTITY[sdk=iphoneos*]" = "iPhone Developer";
				COPY_PHASE_STRIP = NO;
				DEBUG_INFORMATION_FORMAT = dwarf;
				ENABLE_STRICT_OBJC_MSGSEND = YES;
				ENABLE_TESTABILITY = YES;
				GCC_C_LANGUAGE_STANDARD = gnu99;
				GCC_DYNAMIC_NO_PIC = NO;
				GCC_NO_COMMON_BLOCKS = YES;
				GCC_OPTIMIZATION_LEVEL = 0;
				GCC_PREPROCESSOR_DEFINITIONS = (
					"DEBUG=1",
					"$(inherited)",
				);
				GCC_WARN_64_TO_32_BIT_CONVERSION = YES;
				GCC_WARN_ABOUT_RETURN_TYPE = YES_ERROR;
				GCC_WARN_UNDECLARED_SELECTOR = YES;
				GCC_WARN_UNINITIALIZED_AUTOS = YES_AGGRESSIVE;
				GCC_WARN_UNUSED_FUNCTION = YES;
				GCC_WARN_UNUSED_VARIABLE = YES;
				IPHONEOS_DEPLOYMENT_TARGET = 9.3;
				MTL_ENABLE_DEBUG_INFO = YES;
				ONLY_ACTIVE_ARCH = YES;
				SDKROOT = iphoneos;
				SWIFT_OPTIMIZATION_LEVEL = "-Onone";
				TARGETED_DEVICE_FAMILY = "1,2";
			};
			name = Debug;
		};
		C1009CB11D6835B0006C3A6E /* Release */ = {
			isa = XCBuildConfiguration;
			buildSettings = {
				ALWAYS_SEARCH_USER_PATHS = NO;
				CLANG_ANALYZER_NONNULL = YES;
				CLANG_CXX_LANGUAGE_STANDARD = "gnu++0x";
				CLANG_CXX_LIBRARY = "libc++";
				CLANG_ENABLE_MODULES = YES;
				CLANG_ENABLE_OBJC_ARC = YES;
				CLANG_WARN_BOOL_CONVERSION = YES;
				CLANG_WARN_CONSTANT_CONVERSION = YES;
				CLANG_WARN_DIRECT_OBJC_ISA_USAGE = YES_ERROR;
				CLANG_WARN_EMPTY_BODY = YES;
				CLANG_WARN_ENUM_CONVERSION = YES;
				CLANG_WARN_INT_CONVERSION = YES;
				CLANG_WARN_OBJC_ROOT_CLASS = YES_ERROR;
				CLANG_WARN_UNREACHABLE_CODE = YES;
				CLANG_WARN__DUPLICATE_METHOD_MATCH = YES;
				"CODE_SIGN_IDENTITY[sdk=iphoneos*]" = "iPhone Developer";
				COPY_PHASE_STRIP = NO;
				DEBUG_INFORMATION_FORMAT = "dwarf-with-dsym";
				ENABLE_NS_ASSERTIONS = NO;
				ENABLE_STRICT_OBJC_MSGSEND = YES;
				GCC_C_LANGUAGE_STANDARD = gnu99;
				GCC_NO_COMMON_BLOCKS = YES;
				GCC_WARN_64_TO_32_BIT_CONVERSION = YES;
				GCC_WARN_ABOUT_RETURN_TYPE = YES_ERROR;
				GCC_WARN_UNDECLARED_SELECTOR = YES;
				GCC_WARN_UNINITIALIZED_AUTOS = YES_AGGRESSIVE;
				GCC_WARN_UNUSED_FUNCTION = YES;
				GCC_WARN_UNUSED_VARIABLE = YES;
				IPHONEOS_DEPLOYMENT_TARGET = 9.3;
				MTL_ENABLE_DEBUG_INFO = NO;
				SDKROOT = iphoneos;
				TARGETED_DEVICE_FAMILY = "1,2";
				VALIDATE_PRODUCT = YES;
			};
			name = Release;
		};
		C1009CB31D6835B0006C3A6E /* Debug */ = {
			isa = XCBuildConfiguration;
			buildSettings = {
				ASSETCATALOG_COMPILER_APPICON_NAME = AppIcon;
				INFOPLIST_FILE = Buttons/Info.plist;
				LD_RUNPATH_SEARCH_PATHS = "$(inherited) @executable_path/Frameworks";
				PRODUCT_BUNDLE_IDENTIFIER = callumboddy.Buttons;
				PRODUCT_NAME = "$(TARGET_NAME)";
			};
			name = Debug;
		};
		C1009CB41D6835B0006C3A6E /* Release */ = {
			isa = XCBuildConfiguration;
			buildSettings = {
				ASSETCATALOG_COMPILER_APPICON_NAME = AppIcon;
				INFOPLIST_FILE = Buttons/Info.plist;
				LD_RUNPATH_SEARCH_PATHS = "$(inherited) @executable_path/Frameworks";
				PRODUCT_BUNDLE_IDENTIFIER = callumboddy.Buttons;
				PRODUCT_NAME = "$(TARGET_NAME)";
			};
			name = Release;
		};
		C1009CB61D6835B0006C3A6E /* Debug */ = {
			isa = XCBuildConfiguration;
			baseConfigurationReference = A9708CF2869DE39DB64FA913 /* Pods-ButtonsTests.debug.xcconfig */;
			buildSettings = {
				BUNDLE_LOADER = "$(TEST_HOST)";
				INFOPLIST_FILE = ButtonsTests/Info.plist;
				LD_RUNPATH_SEARCH_PATHS = "$(inherited) @executable_path/Frameworks @loader_path/Frameworks";
				PRODUCT_BUNDLE_IDENTIFIER = callumboddy.ButtonsTests;
				PRODUCT_NAME = "$(TARGET_NAME)";
				TEST_HOST = "$(BUILT_PRODUCTS_DIR)/Buttons.app/Buttons";
			};
			name = Debug;
		};
		C1009CB71D6835B0006C3A6E /* Release */ = {
			isa = XCBuildConfiguration;
			baseConfigurationReference = 9AF0A7BF1BF5D471E2767FCE /* Pods-ButtonsTests.release.xcconfig */;
			buildSettings = {
				BUNDLE_LOADER = "$(TEST_HOST)";
				INFOPLIST_FILE = ButtonsTests/Info.plist;
				LD_RUNPATH_SEARCH_PATHS = "$(inherited) @executable_path/Frameworks @loader_path/Frameworks";
				PRODUCT_BUNDLE_IDENTIFIER = callumboddy.ButtonsTests;
				PRODUCT_NAME = "$(TARGET_NAME)";
				TEST_HOST = "$(BUILT_PRODUCTS_DIR)/Buttons.app/Buttons";
			};
			name = Release;
		};
/* End XCBuildConfiguration section */

/* Begin XCConfigurationList section */
		C1009C901D6835B0006C3A6E /* Build configuration list for PBXProject "Buttons" */ = {
			isa = XCConfigurationList;
			buildConfigurations = (
				C1009CB01D6835B0006C3A6E /* Debug */,
				C1009CB11D6835B0006C3A6E /* Release */,
			);
			defaultConfigurationIsVisible = 0;
			defaultConfigurationName = Release;
		};
		C1009CB21D6835B0006C3A6E /* Build configuration list for PBXNativeTarget "Buttons" */ = {
			isa = XCConfigurationList;
			buildConfigurations = (
				C1009CB31D6835B0006C3A6E /* Debug */,
				C1009CB41D6835B0006C3A6E /* Release */,
			);
			defaultConfigurationIsVisible = 0;
			defaultConfigurationName = Release;
		};
		C1009CB51D6835B0006C3A6E /* Build configuration list for PBXNativeTarget "ButtonsTests" */ = {
			isa = XCConfigurationList;
			buildConfigurations = (
				C1009CB61D6835B0006C3A6E /* Debug */,
				C1009CB71D6835B0006C3A6E /* Release */,
			);
			defaultConfigurationIsVisible = 0;
			defaultConfigurationName = Release;
		};
/* End XCConfigurationList section */
	};
	rootObject = C1009C8D1D6835B0006C3A6E /* Project object */;
}
